
Microsoft Visual Studio Solution File, Format Version 12.00
# Visual Studio 15
VisualStudioVersion = 15.0.27004.2005
MinimumVisualStudioVersion = 10.0.40219.1
Project("{FAE04EC0-301F-11D3-BF4B-00C04F79EFBC}") = "PopCorn", "PopCorn\PopCorn.csproj", "{C36525CE-8E63-47F3-8B40-6F05F0325C47}"
EndProject
Project("{2150E333-8FDC-42A3-9474-1A3956D46DE8}") = "Solution Items", "Solution Items", "{7F6A9EA6-9FDF-4D1F-88B4-DA5B07B6601A}"
	ProjectSection(SolutionItems) = preProject
		ReadMe.txt = ReadMe.txt
	EndProjectSection
EndProject
Global
	GlobalSection(SolutionConfigurationPlatforms) = preSolution
		Debug|Any CPU = Debug|Any CPU
		Release|Any CPU = Release|Any CPU
	EndGlobalSection
	GlobalSection(ProjectConfigurationPlatforms) = postSolution
		{C36525CE-8E63-47F3-8B40-6F05F0325C47}.Debug|Any CPU.ActiveCfg = Debug|Any CPU
		{C36525CE-8E63-47F3-8B40-6F05F0325C47}.Debug|Any CPU.Build.0 = Debug|Any CPU
		{C36525CE-8E63-47F3-8B40-6F05F0325C47}.Release|Any CPU.ActiveCfg = Release|Any CPU
		{C36525CE-8E63-47F3-8B40-6F05F0325C47}.Release|Any CPU.Build.0 = Release|Any CPU
	EndGlobalSection
	GlobalSection(SolutionProperties) = preSolution
		HideSolutionNode = FALSE
	EndGlobalSection
	GlobalSection(ExtensibilityGlobals) = postSolution
		SolutionGuid = {205C3A79-63F4-4597-929F-F0273F545A3E}
	EndGlobalSection
EndGlobal
